
Microsoft Visual Studio Solution File, Format Version 12.00
# Visual Studio Version 16
VisualStudioVersion = 16.0.30611.23
MinimumVisualStudioVersion = 10.0.40219.1
Project("{9A19103F-16F7-4668-BE54-9A1E7A4F7556}") = "XTPStudio", "xtpStudio\XTPStudio.csproj", "{9DEFAD67-F29B-4EBD-95C6-EB79EF7A1A20}"
EndProject
Global
	GlobalSection(SolutionConfigurationPlatforms) = preSolution
		Debug|Any CPU = Debug|Any CPU
		Release|Any CPU = Release|Any CPU
	EndGlobalSection
	GlobalSection(ProjectConfigurationPlatforms) = postSolution
		{9DEFAD67-F29B-4EBD-95C6-EB79EF7A1A20}.Debug|Any CPU.ActiveCfg = Debug|Any CPU
		{9DEFAD67-F29B-4EBD-95C6-EB79EF7A1A20}.Debug|Any CPU.Build.0 = Debug|Any CPU
		{9DEFAD67-F29B-4EBD-95C6-EB79EF7A1A20}.Release|Any CPU.ActiveCfg = Release|Any CPU
		{9DEFAD67-F29B-4EBD-95C6-EB79EF7A1A20}.Release|Any CPU.Build.0 = Release|Any CPU
	EndGlobalSection
	GlobalSection(SolutionProperties) = preSolution
		HideSolutionNode = FALSE
	EndGlobalSection
	GlobalSection(ExtensibilityGlobals) = postSolution
		SolutionGuid = {2FCE6337-C8CA-49D1-9FDC-62F2642F3155}
	EndGlobalSection
EndGlobal
